
Microsoft Visual Studio Solution File, Format Version 12.00
# Visual Studio Version 17
VisualStudioVersion = 17.2.32526.322
MinimumVisualStudioVersion = 10.0.40219.1
Project("{9A19103F-16F7-4668-BE54-9A1E7A4F7556}") = "SuperfonMobileAPI", "SuperfonMobileAPI\SuperfonMobileAPI.csproj", "{FA37BAE5-DEC0-4DA3-8352-BF9416574145}"
EndProject
Global
	GlobalSection(SolutionConfigurationPlatforms) = preSolution
		Debug|Any CPU = Debug|Any CPU
		Release|Any CPU = Release|Any CPU
	EndGlobalSection
	GlobalSection(ProjectConfigurationPlatforms) = postSolution
		{FA37BAE5-DEC0-4DA3-8352-BF9416574145}.Debug|Any CPU.ActiveCfg = Debug|Any CPU
		{FA37BAE5-DEC0-4DA3-8352-BF9416574145}.Debug|Any CPU.Build.0 = Debug|Any CPU
		{FA37BAE5-DEC0-4DA3-8352-BF9416574145}.Release|Any CPU.ActiveCfg = Release|Any CPU
		{FA37BAE5-DEC0-4DA3-8352-BF9416574145}.Release|Any CPU.Build.0 = Release|Any CPU
	EndGlobalSection
	GlobalSection(SolutionProperties) = preSolution
		HideSolutionNode = FALSE
	EndGlobalSection
	GlobalSection(ExtensibilityGlobals) = postSolution
		SolutionGuid = {B1D5B7C4-C077-4ADE-9614-9F5CB3E8D9C5}
	EndGlobalSection
EndGlobal
